
Microsoft Visual Studio Solution File, Format Version 12.00
# Visual Studio 15
VisualStudioVersion = 15.0.27004.2010
MinimumVisualStudioVersion = 10.0.40219.1
Project("{FAE04EC0-301F-11D3-BF4B-00C04F79EFBC}") = "ClubHouseManagement", "ClubHouseManagement\ClubHouseManagement.csproj", "{AB40C057-670F-422B-A51B-F3C50B470828}"
EndProject
Global
	GlobalSection(SolutionConfigurationPlatforms) = preSolution
		Debug|x86 = Debug|x86
		Release|x86 = Release|x86
	EndGlobalSection
	GlobalSection(ProjectConfigurationPlatforms) = postSolution
		{AB40C057-670F-422B-A51B-F3C50B470828}.Debug|x86.ActiveCfg = Debug|x86
		{AB40C057-670F-422B-A51B-F3C50B470828}.Debug|x86.Build.0 = Debug|x86
		{AB40C057-670F-422B-A51B-F3C50B470828}.Release|x86.ActiveCfg = Release|x86
		{AB40C057-670F-422B-A51B-F3C50B470828}.Release|x86.Build.0 = Release|x86
	EndGlobalSection
	GlobalSection(SolutionProperties) = preSolution
		HideSolutionNode = FALSE
	EndGlobalSection
	GlobalSection(ExtensibilityGlobals) = postSolution
		SolutionGuid = {B72B551C-89B4-4816-A475-EBE3170C439F}
	EndGlobalSection
EndGlobal
